
Microsoft Visual Studio Solution File, Format Version 12.00
# Visual Studio Version 17
VisualStudioVersion = 17.0.31903.59
MinimumVisualStudioVersion = 10.0.40219.1
Project("{FAE04EC0-301F-11D3-BF4B-00C04F79EFBC}") = "TechSolutions.API", "TechSolutions.API\TechSolutions.API.csproj", "{E2332DCA-AB70-42E5-AAE7-DEE5161AD54E}"
EndProject
Project("{FAE04EC0-301F-11D3-BF4B-00C04F79EFBC}") = "TechSolutions.Core", "TechSolutions.Core\TechSolutions.Core.csproj", "{A70C806B-6189-4579-940C-4666BEEBBA72}"
EndProject
Project("{FAE04EC0-301F-11D3-BF4B-00C04F79EFBC}") = "TechSolutions.Tests", "TechSolutions.Tests\TechSolutions.Tests.csproj", "{2FA22E38-6CBE-4914-B800-ADD664925015}"
EndProject
Global
	GlobalSection(SolutionConfigurationPlatforms) = preSolution
		Debug|Any CPU = Debug|Any CPU
		Release|Any CPU = Release|Any CPU
	EndGlobalSection
	GlobalSection(SolutionProperties) = preSolution
		HideSolutionNode = FALSE
	EndGlobalSection
	GlobalSection(ProjectConfigurationPlatforms) = postSolution
		{E2332DCA-AB70-42E5-AAE7-DEE5161AD54E}.Debug|Any CPU.ActiveCfg = Debug|Any CPU
		{E2332DCA-AB70-42E5-AAE7-DEE5161AD54E}.Debug|Any CPU.Build.0 = Debug|Any CPU
		{E2332DCA-AB70-42E5-AAE7-DEE5161AD54E}.Release|Any CPU.ActiveCfg = Release|Any CPU
		{E2332DCA-AB70-42E5-AAE7-DEE5161AD54E}.Release|Any CPU.Build.0 = Release|Any CPU
		{A70C806B-6189-4579-940C-4666BEEBBA72}.Debug|Any CPU.ActiveCfg = Debug|Any CPU
		{A70C806B-6189-4579-940C-4666BEEBBA72}.Debug|Any CPU.Build.0 = Debug|Any CPU
		{A70C806B-6189-4579-940C-4666BEEBBA72}.Release|Any CPU.ActiveCfg = Release|Any CPU
		{A70C806B-6189-4579-940C-4666BEEBBA72}.Release|Any CPU.Build.0 = Release|Any CPU
		{2FA22E38-6CBE-4914-B800-ADD664925015}.Debug|Any CPU.ActiveCfg = Debug|Any CPU
		{2FA22E38-6CBE-4914-B800-ADD664925015}.Debug|Any CPU.Build.0 = Debug|Any CPU
		{2FA22E38-6CBE-4914-B800-ADD664925015}.Release|Any CPU.ActiveCfg = Release|Any CPU
		{2FA22E38-6CBE-4914-B800-ADD664925015}.Release|Any CPU.Build.0 = Release|Any CPU
	EndGlobalSection
EndGlobal
